// !$*UTF8*$!
{
	archiveVersion = 1;
	classes = {
	};
	objectVersion = 46;
	objects = {

/* Begin PBXBuildFile section */
		2D822F07E86E3133A58C9008 /* Pods_Aquarius_Example.framework in Frameworks */ = {isa = PBXBuildFile; fileRef = A9D43D74355AB096D7871387 /* Pods_Aquarius_Example.framework */; };
		607FACD61AFB9204008FA782 /* AppDelegate.swift in Sources */ = {isa = PBXBuildFile; fileRef = 607FACD51AFB9204008FA782 /* AppDelegate.swift */; };
		607FACDD1AFB9204008FA782 /* Images.xcassets in Resources */ = {isa = PBXBuildFile; fileRef = 607FACDC1AFB9204008FA782 /* Images.xcassets */; };
		607FACE01AFB9204008FA782 /* LaunchScreen.xib in Resources */ = {isa = PBXBuildFile; fileRef = 607FACDE1AFB9204008FA782 /* LaunchScreen.xib */; };
		9D1748A9200379A700808C5D /* AquariusLineCell.swift in Sources */ = {isa = PBXBuildFile; fileRef = 9D1748A7200379A700808C5D /* AquariusLineCell.swift */; };
		9D1748B220039C5D00808C5D /* AquariusImages2Cell.swift in Sources */ = {isa = PBXBuildFile; fileRef = 9D1748B020039C5D00808C5D /* AquariusImages2Cell.swift */; };
		9D1748B320039C5D00808C5D /* AquariusImages2Cell.xib in Resources */ = {isa = PBXBuildFile; fileRef = 9D1748B120039C5D00808C5D /* AquariusImages2Cell.xib */; };
		9D1748B820046BE200808C5D /* AquariusVC.swift in Sources */ = {isa = PBXBuildFile; fileRef = 9D1748B720046BE100808C5D /* AquariusVC.swift */; };
		9D1748BA20046BFD00808C5D /* Aquarius.swift in Sources */ = {isa = PBXBuildFile; fileRef = 9D1748B920046BFD00808C5D /* Aquarius.swift */; };
		9D1748BD20048EF900808C5D /* Json.swift in Sources */ = {isa = PBXBuildFile; fileRef = 9D1748BC20048EF900808C5D /* Json.swift */; };
		9D1748BF20048F1A00808C5D /* Json+Home.swift in Sources */ = {isa = PBXBuildFile; fileRef = 9D1748BE20048F1A00808C5D /* Json+Home.swift */; };
		9D1748C22004A90D00808C5D /* AquariusImages4Cell.swift in Sources */ = {isa = PBXBuildFile; fileRef = 9D1748C02004A90C00808C5D /* AquariusImages4Cell.swift */; };
		9D1748C32004A90D00808C5D /* AquariusImages4Cell.xib in Resources */ = {isa = PBXBuildFile; fileRef = 9D1748C12004A90D00808C5D /* AquariusImages4Cell.xib */; };
/* End PBXBuildFile section */

/* Begin PBXFileReference section */
		375DFB8D8E013252E7827384 /* Pods_Aquarius_Tests.framework */ = {isa = PBXFileReference; explicitFileType = wrapper.framework; includeInIndex = 0; path = Pods_Aquarius_Tests.framework; sourceTree = BUILT_PRODUCTS_DIR; };
		607FACD01AFB9204008FA782 /* Aquarius_Example.app */ = {isa = PBXFileReference; explicitFileType = wrapper.application; includeInIndex = 0; path = Aquarius_Example.app; sourceTree = BUILT_PRODUCTS_DIR; };
		607FACD41AFB9204008FA782 /* Info.plist */ = {isa = PBXFileReference; lastKnownFileType = text.plist.xml; path = Info.plist; sourceTree = "<group>"; };
		607FACD51AFB9204008FA782 /* AppDelegate.swift */ = {isa = PBXFileReference; lastKnownFileType = sourcecode.swift; path = AppDelegate.swift; sourceTree = "<group>"; };
		607FACDC1AFB9204008FA782 /* Images.xcassets */ = {isa = PBXFileReference; lastKnownFileType = folder.assetcatalog; path = Images.xcassets; sourceTree = "<group>"; };
		607FACDF1AFB9204008FA782 /* Base */ = {isa = PBXFileReference; lastKnownFileType = file.xib; name = Base; path = Base.lproj/LaunchScreen.xib; sourceTree = "<group>"; };
		8D9DB46FEAFF8177E9E85849 /* Pods-Aquarius_Example.debug.xcconfig */ = {isa = PBXFileReference; includeInIndex = 1; lastKnownFileType = text.xcconfig; name = "Pods-Aquarius_Example.debug.xcconfig"; path = "Pods/Target Support Files/Pods-Aquarius_Example/Pods-Aquarius_Example.debug.xcconfig"; sourceTree = "<group>"; };
		92499D26D1963DE2373EAB64 /* README.md */ = {isa = PBXFileReference; includeInIndex = 1; lastKnownFileType = net.daringfireball.markdown; name = README.md; path = ../README.md; sourceTree = "<group>"; };
		9D1748A7200379A700808C5D /* AquariusLineCell.swift */ = {isa = PBXFileReference; fileEncoding = 4; lastKnownFileType = sourcecode.swift; path = AquariusLineCell.swift; sourceTree = "<group>"; };
		9D1748B020039C5D00808C5D /* AquariusImages2Cell.swift */ = {isa = PBXFileReference; lastKnownFileType = sourcecode.swift; path = AquariusImages2Cell.swift; sourceTree = "<group>"; };
		9D1748B120039C5D00808C5D /* AquariusImages2Cell.xib */ = {isa = PBXFileReference; lastKnownFileType = file.xib; path = AquariusImages2Cell.xib; sourceTree = "<group>"; };
		9D1748B720046BE100808C5D /* AquariusVC.swift */ = {isa = PBXFileReference; fileEncoding = 4; lastKnownFileType = sourcecode.swift; path = AquariusVC.swift; sourceTree = "<group>"; };
		9D1748B920046BFD00808C5D /* Aquarius.swift */ = {isa = PBXFileReference; lastKnownFileType = sourcecode.swift; path = Aquarius.swift; sourceTree = "<group>"; };
		9D1748BC20048EF900808C5D /* Json.swift */ = {isa = PBXFileReference; lastKnownFileType = sourcecode.swift; path = Json.swift; sourceTree = "<group>"; };
		9D1748BE20048F1A00808C5D /* Json+Home.swift */ = {isa = PBXFileReference; lastKnownFileType = sourcecode.swift; path = "Json+Home.swift"; sourceTree = "<group>"; };
		9D1748C02004A90C00808C5D /* AquariusImages4Cell.swift */ = {isa = PBXFileReference; lastKnownFileType = sourcecode.swift; path = AquariusImages4Cell.swift; sourceTree = "<group>"; };
		9D1748C12004A90D00808C5D /* AquariusImages4Cell.xib */ = {isa = PBXFileReference; lastKnownFileType = file.xib; path = AquariusImages4Cell.xib; sourceTree = "<group>"; };
		A1D6F22E3201D71EC92BA466 /* Pods-Aquarius_Example.release.xcconfig */ = {isa = PBXFileReference; includeInIndex = 1; lastKnownFileType = text.xcconfig; name = "Pods-Aquarius_Example.release.xcconfig"; path = "Pods/Target Support Files/Pods-Aquarius_Example/Pods-Aquarius_Example.release.xcconfig"; sourceTree = "<group>"; };
		A9D43D74355AB096D7871387 /* Pods_Aquarius_Example.framework */ = {isa = PBXFileReference; explicitFileType = wrapper.framework; includeInIndex = 0; path = Pods_Aquarius_Example.framework; sourceTree = BUILT_PRODUCTS_DIR; };
		BD2AA360BBFA796312A1F66A /* LICENSE */ = {isa = PBXFileReference; includeInIndex = 1; lastKnownFileType = text; name = LICENSE; path = ../LICENSE; sourceTree = "<group>"; };
		DD5E4487BCE96DFDFE598BE8 /* Pods-Aquarius_Tests.release.xcconfig */ = {isa = PBXFileReference; includeInIndex = 1; lastKnownFileType = text.xcconfig; name = "Pods-Aquarius_Tests.release.xcconfig"; path = "Pods/Target Support Files/Pods-Aquarius_Tests/Pods-Aquarius_Tests.release.xcconfig"; sourceTree = "<group>"; };
		E7E3933F44A7E20DA4741A12 /* Aquarius.podspec */ = {isa = PBXFileReference; includeInIndex = 1; lastKnownFileType = text; name = Aquarius.podspec; path = ../Aquarius.podspec; sourceTree = "<group>"; };
		FA53DD19380DC0C4C2673FE4 /* Pods-Aquarius_Tests.debug.xcconfig */ = {isa = PBXFileReference; includeInIndex = 1; lastKnownFileType = text.xcconfig; name = "Pods-Aquarius_Tests.debug.xcconfig"; path = "Pods/Target Support Files/Pods-Aquarius_Tests/Pods-Aquarius_Tests.debug.xcconfig"; sourceTree = "<group>"; };
/* End PBXFileReference section */

/* Begin PBXFrameworksBuildPhase section */
		607FACCD1AFB9204008FA782 /* Frameworks */ = {
			isa = PBXFrameworksBuildPhase;
			buildActionMask = 2147483647;
			files = (
				2D822F07E86E3133A58C9008 /* Pods_Aquarius_Example.framework in Frameworks */,
			);
			runOnlyForDeploymentPostprocessing = 0;
		};
/* End PBXFrameworksBuildPhase section */

/* Begin PBXGroup section */
		4A52E8919F9A687391665C88 /* Pods */ = {
			isa = PBXGroup;
			children = (
				8D9DB46FEAFF8177E9E85849 /* Pods-Aquarius_Example.debug.xcconfig */,
				A1D6F22E3201D71EC92BA466 /* Pods-Aquarius_Example.release.xcconfig */,
				FA53DD19380DC0C4C2673FE4 /* Pods-Aquarius_Tests.debug.xcconfig */,
				DD5E4487BCE96DFDFE598BE8 /* Pods-Aquarius_Tests.release.xcconfig */,
			);
			name = Pods;
			sourceTree = "<group>";
		};
		607FACC71AFB9204008FA782 = {
			isa = PBXGroup;
			children = (
				607FACF51AFB993E008FA782 /* Podspec Metadata */,
				607FACD21AFB9204008FA782 /* Example for Aquarius */,
				607FACD11AFB9204008FA782 /* Products */,
				4A52E8919F9A687391665C88 /* Pods */,
				C2F2EB6993E7A6B45C73C328 /* Frameworks */,
			);
			sourceTree = "<group>";
		};
		607FACD11AFB9204008FA782 /* Products */ = {
			isa = PBXGroup;
			children = (
				607FACD01AFB9204008FA782 /* Aquarius_Example.app */,
			);
			name = Products;
			sourceTree = "<group>";
		};
		607FACD21AFB9204008FA782 /* Example for Aquarius */ = {
			isa = PBXGroup;
			children = (
				9D1748BB20046EA600808C5D /* Jsons */,
				9D1748B620046BE100808C5D /* AquariusVCs */,
				9D1748A5200379A700808C5D /* AquariusCells */,
				607FACD51AFB9204008FA782 /* AppDelegate.swift */,
				607FACDC1AFB9204008FA782 /* Images.xcassets */,
				607FACDE1AFB9204008FA782 /* LaunchScreen.xib */,
				607FACD31AFB9204008FA782 /* Supporting Files */,
			);
			name = "Example for Aquarius";
			path = Aquarius;
			sourceTree = "<group>";
		};
		607FACD31AFB9204008FA782 /* Supporting Files */ = {
			isa = PBXGroup;
			children = (
				607FACD41AFB9204008FA782 /* Info.plist */,
			);
			name = "Supporting Files";
			sourceTree = "<group>";
		};
		607FACF51AFB993E008FA782 /* Podspec Metadata */ = {
			isa = PBXGroup;
			children = (
				E7E3933F44A7E20DA4741A12 /* Aquarius.podspec */,
				92499D26D1963DE2373EAB64 /* README.md */,
				BD2AA360BBFA796312A1F66A /* LICENSE */,
			);
			name = "Podspec Metadata";
			sourceTree = "<group>";
		};
		9D1748A5200379A700808C5D /* AquariusCells */ = {
			isa = PBXGroup;
			children = (
				9D1748A7200379A700808C5D /* AquariusLineCell.swift */,
				9D1748B020039C5D00808C5D /* AquariusImages2Cell.swift */,
				9D1748B120039C5D00808C5D /* AquariusImages2Cell.xib */,
				9D1748C02004A90C00808C5D /* AquariusImages4Cell.swift */,
				9D1748C12004A90D00808C5D /* AquariusImages4Cell.xib */,
			);
			path = AquariusCells;
			sourceTree = "<group>";
		};
		9D1748B620046BE100808C5D /* AquariusVCs */ = {
			isa = PBXGroup;
			children = (
				9D1748B720046BE100808C5D /* AquariusVC.swift */,
				9D1748B920046BFD00808C5D /* Aquarius.swift */,
			);
			path = AquariusVCs;
			sourceTree = "<group>";
		};
		9D1748BB20046EA600808C5D /* Jsons */ = {
			isa = PBXGroup;
			children = (
				9D1748BC20048EF900808C5D /* Json.swift */,
				9D1748BE20048F1A00808C5D /* Json+Home.swift */,
			);
			path = Jsons;
			sourceTree = "<group>";
		};
		C2F2EB6993E7A6B45C73C328 /* Frameworks */ = {
			isa = PBXGroup;
			children = (
				A9D43D74355AB096D7871387 /* Pods_Aquarius_Example.framework */,
				375DFB8D8E013252E7827384 /* Pods_Aquarius_Tests.framework */,
			);
			name = Frameworks;
			sourceTree = "<group>";
		};
/* End PBXGroup section */

/* Begin PBXNativeTarget section */
		607FACCF1AFB9204008FA782 /* Aquarius_Example */ = {
			isa = PBXNativeTarget;
			buildConfigurationList = 607FACEF1AFB9204008FA782 /* Build configuration list for PBXNativeTarget "Aquarius_Example" */;
			buildPhases = (
				489520BC53B4C35F5217494C /* [CP] Check Pods Manifest.lock */,
				607FACCC1AFB9204008FA782 /* Sources */,
				607FACCD1AFB9204008FA782 /* Frameworks */,
				607FACCE1AFB9204008FA782 /* Resources */,
				CE78C7AE9C30018A05A532FE /* [CP] Embed Pods Frameworks */,
				9972DF1E860DD669A6E629D4 /* [CP] Copy Pods Resources */,
			);
			buildRules = (
			);
			dependencies = (
			);
			name = Aquarius_Example;
			productName = Aquarius;
			productReference = 607FACD01AFB9204008FA782 /* Aquarius_Example.app */;
			productType = "com.apple.product-type.application";
		};
/* End PBXNativeTarget section */

/* Begin PBXProject section */
		607FACC81AFB9204008FA782 /* Project object */ = {
			isa = PBXProject;
			attributes = {
				LastSwiftUpdateCheck = 0830;
				LastUpgradeCheck = 0830;
				ORGANIZATIONNAME = CocoaPods;
				TargetAttributes = {
					607FACCF1AFB9204008FA782 = {
						CreatedOnToolsVersion = 6.3.1;
						DevelopmentTeam = 3L8RM3MDLS;
						LastSwiftMigration = 0900;
					};
				};
			};
			buildConfigurationList = 607FACCB1AFB9204008FA782 /* Build configuration list for PBXProject "Aquarius" */;
			compatibilityVersion = "Xcode 3.2";
			developmentRegion = English;
			hasScannedForEncodings = 0;
			knownRegions = (
				en,
				Base,
			);
			mainGroup = 607FACC71AFB9204008FA782;
			productRefGroup = 607FACD11AFB9204008FA782 /* Products */;
			projectDirPath = "";
			projectRoot = "";
			targets = (
				607FACCF1AFB9204008FA782 /* Aquarius_Example */,
			);
		};
/* End PBXProject section */

/* Begin PBXResourcesBuildPhase section */
		607FACCE1AFB9204008FA782 /* Resources */ = {
			isa = PBXResourcesBuildPhase;
			buildActionMask = 2147483647;
			files = (
				607FACE01AFB9204008FA782 /* LaunchScreen.xib in Resources */,
				9D1748C32004A90D00808C5D /* AquariusImages4Cell.xib in Resources */,
				607FACDD1AFB9204008FA782 /* Images.xcassets in Resources */,
				9D1748B320039C5D00808C5D /* AquariusImages2Cell.xib in Resources */,
			);
			runOnlyForDeploymentPostprocessing = 0;
		};
/* End PBXResourcesBuildPhase section */

/* Begin PBXShellScriptBuildPhase section */
		489520BC53B4C35F5217494C /* [CP] Check Pods Manifest.lock */ = {
			isa = PBXShellScriptBuildPhase;
			buildActionMask = 2147483647;
			files = (
			);
			inputPaths = (
				"${PODS_PODFILE_DIR_PATH}/Podfile.lock",
				"${PODS_ROOT}/Manifest.lock",
			);
			name = "[CP] Check Pods Manifest.lock";
			outputPaths = (
				"$(DERIVED_FILE_DIR)/Pods-Aquarius_Example-checkManifestLockResult.txt",
			);
			runOnlyForDeploymentPostprocessing = 0;
			shellPath = /bin/sh;
			shellScript = "diff \"${PODS_PODFILE_DIR_PATH}/Podfile.lock\" \"${PODS_ROOT}/Manifest.lock\" > /dev/null\nif [ $? != 0 ] ; then\n    # print error to STDERR\n    echo \"error: The sandbox is not in sync with the Podfile.lock. Run 'pod install' or update your CocoaPods installation.\" >&2\n    exit 1\nfi\n# This output is used by Xcode 'outputs' to avoid re-running this script phase.\necho \"SUCCESS\" > \"${SCRIPT_OUTPUT_FILE_0}\"\n";
			showEnvVarsInLog = 0;
		};
		9972DF1E860DD669A6E629D4 /* [CP] Copy Pods Resources */ = {
			isa = PBXShellScriptBuildPhase;
			buildActionMask = 2147483647;
			files = (
			);
			inputPaths = (
			);
			name = "[CP] Copy Pods Resources";
			outputPaths = (
			);
			runOnlyForDeploymentPostprocessing = 0;
			shellPath = /bin/sh;
			shellScript = "\"${SRCROOT}/Pods/Target Support Files/Pods-Aquarius_Example/Pods-Aquarius_Example-resources.sh\"\n";
			showEnvVarsInLog = 0;
		};
		CE78C7AE9C30018A05A532FE /* [CP] Embed Pods Frameworks */ = {
			isa = PBXShellScriptBuildPhase;
			buildActionMask = 2147483647;
			files = (
			);
			inputPaths = (
				"${SRCROOT}/Pods/Target Support Files/Pods-Aquarius_Example/Pods-Aquarius_Example-frameworks.sh",
				"${BUILT_PRODUCTS_DIR}/AnyFormatProtocol/AnyFormatProtocol.framework",
				"${BUILT_PRODUCTS_DIR}/Aquarius/Aquarius.framework",
				"${BUILT_PRODUCTS_DIR}/BLFoundation/BLFoundation.framework",
				"${BUILT_PRODUCTS_DIR}/Kingfisher/Kingfisher.framework",
				"${BUILT_PRODUCTS_DIR}/SPKit/SPKit.framework",
				"${BUILT_PRODUCTS_DIR}/SPRoutable/SPRoutable.framework",
				"${BUILT_PRODUCTS_DIR}/SnapKit/SnapKit.framework",
			);
			name = "[CP] Embed Pods Frameworks";
			outputPaths = (
				"${TARGET_BUILD_DIR}/${FRAMEWORKS_FOLDER_PATH}/AnyFormatProtocol.framework",
				"${TARGET_BUILD_DIR}/${FRAMEWORKS_FOLDER_PATH}/Aquarius.framework",
				"${TARGET_BUILD_DIR}/${FRAMEWORKS_FOLDER_PATH}/BLFoundation.framework",
				"${TARGET_BUILD_DIR}/${FRAMEWORKS_FOLDER_PATH}/Kingfisher.framework",
				"${TARGET_BUILD_DIR}/${FRAMEWORKS_FOLDER_PATH}/SPKit.framework",
				"${TARGET_BUILD_DIR}/${FRAMEWORKS_FOLDER_PATH}/SPRoutable.framework",
				"${TARGET_BUILD_DIR}/${FRAMEWORKS_FOLDER_PATH}/SnapKit.framework",
			);
			runOnlyForDeploymentPostprocessing = 0;
			shellPath = /bin/sh;
			shellScript = "\"${SRCROOT}/Pods/Target Support Files/Pods-Aquarius_Example/Pods-Aquarius_Example-frameworks.sh\"\n";
			showEnvVarsInLog = 0;
		};
/* End PBXShellScriptBuildPhase section */

/* Begin PBXSourcesBuildPhase section */
		607FACCC1AFB9204008FA782 /* Sources */ = {
			isa = PBXSourcesBuildPhase;
			buildActionMask = 2147483647;
			files = (
				9D1748B220039C5D00808C5D /* AquariusImages2Cell.swift in Sources */,
				9D1748C22004A90D00808C5D /* AquariusImages4Cell.swift in Sources */,
				9D1748BF20048F1A00808C5D /* Json+Home.swift in Sources */,
				9D1748BA20046BFD00808C5D /* Aquarius.swift in Sources */,
				9D1748B820046BE200808C5D /* AquariusVC.swift in Sources */,
				9D1748A9200379A700808C5D /* AquariusLineCell.swift in Sources */,
				607FACD61AFB9204008FA782 /* AppDelegate.swift in Sources */,
				9D1748BD20048EF900808C5D /* Json.swift in Sources */,
			);
			runOnlyForDeploymentPostprocessing = 0;
		};
/* End PBXSourcesBuildPhase section */

/* Begin PBXVariantGroup section */
		607FACDE1AFB9204008FA782 /* LaunchScreen.xib */ = {
			isa = PBXVariantGroup;
			children = (
				607FACDF1AFB9204008FA782 /* Base */,
			);
			name = LaunchScreen.xib;
			sourceTree = "<group>";
		};
/* End PBXVariantGroup section */

/* Begin XCBuildConfiguration section */
		607FACED1AFB9204008FA782 /* Debug */ = {
			isa = XCBuildConfiguration;
			buildSettings = {
				ALWAYS_SEARCH_USER_PATHS = NO;
				CLANG_CXX_LANGUAGE_STANDARD = "gnu++0x";
				CLANG_CXX_LIBRARY = "libc++";
				CLANG_ENABLE_MODULES = YES;
				CLANG_ENABLE_OBJC_ARC = YES;
				CLANG_WARN_BLOCK_CAPTURE_AUTORELEASING = YES;
				CLANG_WARN_BOOL_CONVERSION = YES;
				CLANG_WARN_COMMA = YES;
				CLANG_WARN_CONSTANT_CONVERSION = YES;
				CLANG_WARN_DIRECT_OBJC_ISA_USAGE = YES_ERROR;
				CLANG_WARN_EMPTY_BODY = YES;
				CLANG_WARN_ENUM_CONVERSION = YES;
				CLANG_WARN_INFINITE_RECURSION = YES;
				CLANG_WARN_INT_CONVERSION = YES;
				CLANG_WARN_NON_LITERAL_NULL_CONVERSION = YES;
				CLANG_WARN_OBJC_LITERAL_CONVERSION = YES;
				CLANG_WARN_OBJC_ROOT_CLASS = YES_ERROR;
				CLANG_WARN_RANGE_LOOP_ANALYSIS = YES;
				CLANG_WARN_STRICT_PROTOTYPES = YES;
				CLANG_WARN_SUSPICIOUS_MOVE = YES;
				CLANG_WARN_UNREACHABLE_CODE = YES;
				CLANG_WARN__DUPLICATE_METHOD_MATCH = YES;
				"CODE_SIGN_IDENTITY[sdk=iphoneos*]" = "iPhone Developer";
				COPY_PHASE_STRIP = NO;
				DEBUG_INFORMATION_FORMAT = "dwarf-with-dsym";
				ENABLE_STRICT_OBJC_MSGSEND = YES;
				ENABLE_TESTABILITY = YES;
				GCC_C_LANGUAGE_STANDARD = gnu99;
				GCC_DYNAMIC_NO_PIC = NO;
				GCC_NO_COMMON_BLOCKS = YES;
				GCC_OPTIMIZATION_LEVEL = 0;
				GCC_PREPROCESSOR_DEFINITIONS = (
					"DEBUG=1",
					"$(inherited)",
				);
				GCC_SYMBOLS_PRIVATE_EXTERN = NO;
				GCC_WARN_64_TO_32_BIT_CONVERSION = YES;
				GCC_WARN_ABOUT_RETURN_TYPE = YES_ERROR;
				GCC_WARN_UNDECLARED_SELECTOR = YES;
				GCC_WARN_UNINITIALIZED_AUTOS = YES_AGGRESSIVE;
				GCC_WARN_UNUSED_FUNCTION = YES;
				GCC_WARN_UNUSED_VARIABLE = YES;
				IPHONEOS_DEPLOYMENT_TARGET = 9.3;
				MTL_ENABLE_DEBUG_INFO = YES;
				ONLY_ACTIVE_ARCH = YES;
				SDKROOT = iphoneos;
				SWIFT_OPTIMIZATION_LEVEL = "-Onone";
			};
			name = Debug;
		};
		607FACEE1AFB9204008FA782 /* Release */ = {
			isa = XCBuildConfiguration;
			buildSettings = {
				ALWAYS_SEARCH_USER_PATHS = NO;
				CLANG_CXX_LANGUAGE_STANDARD = "gnu++0x";
				CLANG_CXX_LIBRARY = "libc++";
				CLANG_ENABLE_MODULES = YES;
				CLANG_ENABLE_OBJC_ARC = YES;
				CLANG_WARN_BLOCK_CAPTURE_AUTORELEASING = YES;
				CLANG_WARN_BOOL_CONVERSION = YES;
				CLANG_WARN_COMMA = YES;
				CLANG_WARN_CONSTANT_CONVERSION = YES;
				CLANG_WARN_DIRECT_OBJC_ISA_USAGE = YES_ERROR;
				CLANG_WARN_EMPTY_BODY = YES;
				CLANG_WARN_ENUM_CONVERSION = YES;
				CLANG_WARN_INFINITE_RECURSION = YES;
				CLANG_WARN_INT_CONVERSION = YES;
				CLANG_WARN_NON_LITERAL_NULL_CONVERSION = YES;
				CLANG_WARN_OBJC_LITERAL_CONVERSION = YES;
				CLANG_WARN_OBJC_ROOT_CLASS = YES_ERROR;
				CLANG_WARN_RANGE_LOOP_ANALYSIS = YES;
				CLANG_WARN_STRICT_PROTOTYPES = YES;
				CLANG_WARN_SUSPICIOUS_MOVE = YES;
				CLANG_WARN_UNREACHABLE_CODE = YES;
				CLANG_WARN__DUPLICATE_METHOD_MATCH = YES;
				"CODE_SIGN_IDENTITY[sdk=iphoneos*]" = "iPhone Developer";
				COPY_PHASE_STRIP = NO;
				DEBUG_INFORMATION_FORMAT = "dwarf-with-dsym";
				ENABLE_NS_ASSERTIONS = NO;
				ENABLE_STRICT_OBJC_MSGSEND = YES;
				GCC_C_LANGUAGE_STANDARD = gnu99;
				GCC_NO_COMMON_BLOCKS = YES;
				GCC_WARN_64_TO_32_BIT_CONVERSION = YES;
				GCC_WARN_ABOUT_RETURN_TYPE = YES_ERROR;
				GCC_WARN_UNDECLARED_SELECTOR = YES;
				GCC_WARN_UNINITIALIZED_AUTOS = YES_AGGRESSIVE;
				GCC_WARN_UNUSED_FUNCTION = YES;
				GCC_WARN_UNUSED_VARIABLE = YES;
				IPHONEOS_DEPLOYMENT_TARGET = 9.3;
				MTL_ENABLE_DEBUG_INFO = NO;
				SDKROOT = iphoneos;
				SWIFT_OPTIMIZATION_LEVEL = "-Owholemodule";
				VALIDATE_PRODUCT = YES;
			};
			name = Release;
		};
		607FACF01AFB9204008FA782 /* Debug */ = {
			isa = XCBuildConfiguration;
			baseConfigurationReference = 8D9DB46FEAFF8177E9E85849 /* Pods-Aquarius_Example.debug.xcconfig */;
			buildSettings = {
				ASSETCATALOG_COMPILER_APPICON_NAME = AppIcon;
				DEVELOPMENT_TEAM = 3L8RM3MDLS;
				INFOPLIST_FILE = Aquarius/Info.plist;
				LD_RUNPATH_SEARCH_PATHS = "$(inherited) @executable_path/Frameworks";
				MODULE_NAME = ExampleApp;
				PRODUCT_BUNDLE_IDENTIFIER = "org.cocoapods.demo.$(PRODUCT_NAME:rfc1034identifier)";
				PRODUCT_NAME = "$(TARGET_NAME)";
				SWIFT_SWIFT3_OBJC_INFERENCE = Default;
				SWIFT_VERSION = 4.0;
			};
			name = Debug;
		};
		607FACF11AFB9204008FA782 /* Release */ = {
			isa = XCBuildConfiguration;
			baseConfigurationReference = A1D6F22E3201D71EC92BA466 /* Pods-Aquarius_Example.release.xcconfig */;
			buildSettings = {
				ASSETCATALOG_COMPILER_APPICON_NAME = AppIcon;
				DEVELOPMENT_TEAM = 3L8RM3MDLS;
				INFOPLIST_FILE = Aquarius/Info.plist;
				LD_RUNPATH_SEARCH_PATHS = "$(inherited) @executable_path/Frameworks";
				MODULE_NAME = ExampleApp;
				PRODUCT_BUNDLE_IDENTIFIER = "org.cocoapods.demo.$(PRODUCT_NAME:rfc1034identifier)";
				PRODUCT_NAME = "$(TARGET_NAME)";
				SWIFT_SWIFT3_OBJC_INFERENCE = Default;
				SWIFT_VERSION = 4.0;
			};
			name = Release;
		};
/* End XCBuildConfiguration section */

/* Begin XCConfigurationList section */
		607FACCB1AFB9204008FA782 /* Build configuration list for PBXProject "Aquarius" */ = {
			isa = XCConfigurationList;
			buildConfigurations = (
				607FACED1AFB9204008FA782 /* Debug */,
				607FACEE1AFB9204008FA782 /* Release */,
			);
			defaultConfigurationIsVisible = 0;
			defaultConfigurationName = Release;
		};
		607FACEF1AFB9204008FA782 /* Build configuration list for PBXNativeTarget "Aquarius_Example" */ = {
			isa = XCConfigurationList;
			buildConfigurations = (
				607FACF01AFB9204008FA782 /* Debug */,
				607FACF11AFB9204008FA782 /* Release */,
			);
			defaultConfigurationIsVisible = 0;
			defaultConfigurationName = Release;
		};
/* End XCConfigurationList section */
	};
	rootObject = 607FACC81AFB9204008FA782 /* Project object */;
}
